{
  "name": "ledn-backend-challenge",
  "version": "1.0.0",
  "lockfileVersion": 3,
  "requires": true,
  "packages": {
    "": {
      "name": "ledn-backend-challenge",
      "version": "1.0.0",
      "license": "ISC",
      "workspaces": [
        "apps/coruscant-bank-otc-service",
        "apps/mos-espa-trading-service",
        "apps/black-spire-outpost-trading-service"
      ]
    },
    "apps/black-spire-outpost-trading-service": {
      "version": "1.0.0",
      "license": "ISC",
      "devDependencies": {}
    },
    "apps/coruscant-bank-otc-service": {
      "version": "1.0.0",
      "license": "ISC"
    },
    "apps/mos-espa-trading-service": {
      "version": "1.0.0",
      "license": "ISC",
      "devDependencies": {}
    },
    "node_modules/black-spire-outpost-trading-service": {
      "resolved": "apps/black-spire-outpost-trading-service",
      "link": true
    },
    "node_modules/coruscant-bank-otc-service": {
      "resolved": "apps/coruscant-bank-otc-service",
      "link": true
    },
    "node_modules/mos-espa-trading-service": {
      "resolved": "apps/mos-espa-trading-service",
      "link": true
    }
  }
}
